// !$*UTF8*$!
{
	archiveVersion = 1;
	classes = {
	};
	objectVersion = 56;
	objects = {

/* Begin PBXBuildFile section */
		658155C72BCFD3650070CC1A /* LoadingView.swift in Sources */ = {isa = PBXBuildFile; fileRef = 658155C62BCFD3650070CC1A /* LoadingView.swift */; };
		658155C92BCFDD590070CC1A /* NotFoundHomeView.swift in Sources */ = {isa = PBXBuildFile; fileRef = 658155C82BCFDD590070CC1A /* NotFoundHomeView.swift */; };
		6599A2672BD050CF00C08908 /* ErroView.swift in Sources */ = {isa = PBXBuildFile; fileRef = 6599A2662BD050CF00C08908 /* ErroView.swift */; };
		659DD3182BCD9A0C00059CFE /* inchurch_ios_challengeApp.swift in Sources */ = {isa = PBXBuildFile; fileRef = 659DD3172BCD9A0C00059CFE /* inchurch_ios_challengeApp.swift */; };
		659DD31A2BCD9A0C00059CFE /* ContentView.swift in Sources */ = {isa = PBXBuildFile; fileRef = 659DD3192BCD9A0C00059CFE /* ContentView.swift */; };
		659DD31C2BCD9A0D00059CFE /* Assets.xcassets in Resources */ = {isa = PBXBuildFile; fileRef = 659DD31B2BCD9A0D00059CFE /* Assets.xcassets */; };
		659DD31F2BCD9A0D00059CFE /* Preview Assets.xcassets in Resources */ = {isa = PBXBuildFile; fileRef = 659DD31E2BCD9A0D00059CFE /* Preview Assets.xcassets */; };
		659DD3262BCD9C9600059CFE /* Inchurch iOS Challenge README.md in Resources */ = {isa = PBXBuildFile; fileRef = 659DD3252BCD9C9600059CFE /* Inchurch iOS Challenge README.md */; };
		659DD3282BCDAA8C00059CFE /* MoviesView.swift in Sources */ = {isa = PBXBuildFile; fileRef = 659DD3272BCDAA8C00059CFE /* MoviesView.swift */; };
		659DD32B2BCDAAB300059CFE /* FavoritesView.swift in Sources */ = {isa = PBXBuildFile; fileRef = 659DD32A2BCDAAB300059CFE /* FavoritesView.swift */; };
		659DD32D2BCE0B3700059CFE /* RectangleView.swift in Sources */ = {isa = PBXBuildFile; fileRef = 659DD32C2BCE0B3700059CFE /* RectangleView.swift */; };
		659DD32F2BCEE97100059CFE /* GetMovies.swift in Sources */ = {isa = PBXBuildFile; fileRef = 659DD32E2BCEE97100059CFE /* GetMovies.swift */; };
/* End PBXBuildFile section */

/* Begin PBXFileReference section */
		658155C62BCFD3650070CC1A /* LoadingView.swift */ = {isa = PBXFileReference; lastKnownFileType = sourcecode.swift; path = LoadingView.swift; sourceTree = "<group>"; };
		658155C82BCFDD590070CC1A /* NotFoundHomeView.swift */ = {isa = PBXFileReference; lastKnownFileType = sourcecode.swift; path = NotFoundHomeView.swift; sourceTree = "<group>"; };
		6599A2662BD050CF00C08908 /* ErroView.swift */ = {isa = PBXFileReference; lastKnownFileType = sourcecode.swift; path = ErroView.swift; sourceTree = "<group>"; };
		659DD3142BCD9A0C00059CFE /* inchurch-ios-challenge.app */ = {isa = PBXFileReference; explicitFileType = wrapper.application; includeInIndex = 0; path = "inchurch-ios-challenge.app"; sourceTree = BUILT_PRODUCTS_DIR; };
		659DD3172BCD9A0C00059CFE /* inchurch_ios_challengeApp.swift */ = {isa = PBXFileReference; lastKnownFileType = sourcecode.swift; path = inchurch_ios_challengeApp.swift; sourceTree = "<group>"; };
		659DD3192BCD9A0C00059CFE /* ContentView.swift */ = {isa = PBXFileReference; lastKnownFileType = sourcecode.swift; path = ContentView.swift; sourceTree = "<group>"; };
		659DD31B2BCD9A0D00059CFE /* Assets.xcassets */ = {isa = PBXFileReference; lastKnownFileType = folder.assetcatalog; path = Assets.xcassets; sourceTree = "<group>"; };
		659DD31E2BCD9A0D00059CFE /* Preview Assets.xcassets */ = {isa = PBXFileReference; lastKnownFileType = folder.assetcatalog; path = "Preview Assets.xcassets"; sourceTree = "<group>"; };
		659DD3252BCD9C9600059CFE /* Inchurch iOS Challenge README.md */ = {isa = PBXFileReference; fileEncoding = 4; lastKnownFileType = net.daringfireball.markdown; path = "Inchurch iOS Challenge README.md"; sourceTree = "<group>"; };
		659DD3272BCDAA8C00059CFE /* MoviesView.swift */ = {isa = PBXFileReference; lastKnownFileType = sourcecode.swift; path = MoviesView.swift; sourceTree = "<group>"; };
		659DD32A2BCDAAB300059CFE /* FavoritesView.swift */ = {isa = PBXFileReference; lastKnownFileType = sourcecode.swift; path = FavoritesView.swift; sourceTree = "<group>"; };
		659DD32C2BCE0B3700059CFE /* RectangleView.swift */ = {isa = PBXFileReference; lastKnownFileType = sourcecode.swift; path = RectangleView.swift; sourceTree = "<group>"; };
		659DD32E2BCEE97100059CFE /* GetMovies.swift */ = {isa = PBXFileReference; lastKnownFileType = sourcecode.swift; path = GetMovies.swift; sourceTree = "<group>"; };
/* End PBXFileReference section */

/* Begin PBXFrameworksBuildPhase section */
		659DD3112BCD9A0C00059CFE /* Frameworks */ = {
			isa = PBXFrameworksBuildPhase;
			buildActionMask = 2147483647;
			files = (
			);
			runOnlyForDeploymentPostprocessing = 0;
		};
/* End PBXFrameworksBuildPhase section */

/* Begin PBXGroup section */
		659DD30B2BCD9A0C00059CFE = {
			isa = PBXGroup;
			children = (
				659DD3252BCD9C9600059CFE /* Inchurch iOS Challenge README.md */,
				659DD3162BCD9A0C00059CFE /* inchurch-ios-challenge */,
				659DD3152BCD9A0C00059CFE /* Products */,
			);
			sourceTree = "<group>";
		};
		659DD3152BCD9A0C00059CFE /* Products */ = {
			isa = PBXGroup;
			children = (
				659DD3142BCD9A0C00059CFE /* inchurch-ios-challenge.app */,
			);
			name = Products;
			sourceTree = "<group>";
		};
		659DD3162BCD9A0C00059CFE /* inchurch-ios-challenge */ = {
			isa = PBXGroup;
			children = (
				659DD3172BCD9A0C00059CFE /* inchurch_ios_challengeApp.swift */,
				659DD3292BCDAA9200059CFE /* Views */,
				659DD3192BCD9A0C00059CFE /* ContentView.swift */,
				659DD32E2BCEE97100059CFE /* GetMovies.swift */,
				659DD31B2BCD9A0D00059CFE /* Assets.xcassets */,
				659DD31D2BCD9A0D00059CFE /* Preview Content */,
			);
			path = "inchurch-ios-challenge";
			sourceTree = "<group>";
		};
		659DD31D2BCD9A0D00059CFE /* Preview Content */ = {
			isa = PBXGroup;
			children = (
				659DD31E2BCD9A0D00059CFE /* Preview Assets.xcassets */,
			);
			path = "Preview Content";
			sourceTree = "<group>";
		};
		659DD3292BCDAA9200059CFE /* Views */ = {
			isa = PBXGroup;
			children = (
				659DD32C2BCE0B3700059CFE /* RectangleView.swift */,
				659DD3272BCDAA8C00059CFE /* MoviesView.swift */,
				659DD32A2BCDAAB300059CFE /* FavoritesView.swift */,
				658155C62BCFD3650070CC1A /* LoadingView.swift */,
				658155C82BCFDD590070CC1A /* NotFoundHomeView.swift */,
				6599A2662BD050CF00C08908 /* ErroView.swift */,
			);
			path = Views;
			sourceTree = "<group>";
		};
/* End PBXGroup section */

/* Begin PBXNativeTarget section */
		659DD3132BCD9A0C00059CFE /* inchurch-ios-challenge */ = {
			isa = PBXNativeTarget;
			buildConfigurationList = 659DD3222BCD9A0D00059CFE /* Build configuration list for PBXNativeTarget "inchurch-ios-challenge" */;
			buildPhases = (
				659DD3102BCD9A0C00059CFE /* Sources */,
				659DD3112BCD9A0C00059CFE /* Frameworks */,
				659DD3122BCD9A0C00059CFE /* Resources */,
			);
			buildRules = (
			);
			dependencies = (
			);
			name = "inchurch-ios-challenge";
			productName = "inchurch-ios-challenge";
			productReference = 659DD3142BCD9A0C00059CFE /* inchurch-ios-challenge.app */;
			productType = "com.apple.product-type.application";
		};
/* End PBXNativeTarget section */

/* Begin PBXProject section */
		659DD30C2BCD9A0C00059CFE /* Project object */ = {
			isa = PBXProject;
			attributes = {
				BuildIndependentTargetsInParallel = 1;
				LastSwiftUpdateCheck = 1530;
				LastUpgradeCheck = 1530;
				TargetAttributes = {
					659DD3132BCD9A0C00059CFE = {
						CreatedOnToolsVersion = 15.3;
					};
				};
			};
			buildConfigurationList = 659DD30F2BCD9A0C00059CFE /* Build configuration list for PBXProject "inchurch-ios-challenge" */;
			compatibilityVersion = "Xcode 14.0";
			developmentRegion = en;
			hasScannedForEncodings = 0;
			knownRegions = (
				en,
				Base,
			);
			mainGroup = 659DD30B2BCD9A0C00059CFE;
			productRefGroup = 659DD3152BCD9A0C00059CFE /* Products */;
			projectDirPath = "";
			projectRoot = "";
			targets = (
				659DD3132BCD9A0C00059CFE /* inchurch-ios-challenge */,
			);
		};
/* End PBXProject section */

/* Begin PBXResourcesBuildPhase section */
		659DD3122BCD9A0C00059CFE /* Resources */ = {
			isa = PBXResourcesBuildPhase;
			buildActionMask = 2147483647;
			files = (
				659DD3262BCD9C9600059CFE /* Inchurch iOS Challenge README.md in Resources */,
				659DD31F2BCD9A0D00059CFE /* Preview Assets.xcassets in Resources */,
				659DD31C2BCD9A0D00059CFE /* Assets.xcassets in Resources */,
			);
			runOnlyForDeploymentPostprocessing = 0;
		};
/* End PBXResourcesBuildPhase section */

/* Begin PBXSourcesBuildPhase section */
		659DD3102BCD9A0C00059CFE /* Sources */ = {
			isa = PBXSourcesBuildPhase;
			buildActionMask = 2147483647;
			files = (
				659DD31A2BCD9A0C00059CFE /* ContentView.swift in Sources */,
				659DD3282BCDAA8C00059CFE /* MoviesView.swift in Sources */,
				6599A2672BD050CF00C08908 /* ErroView.swift in Sources */,
				659DD32B2BCDAAB300059CFE /* FavoritesView.swift in Sources */,
				659DD3182BCD9A0C00059CFE /* inchurch_ios_challengeApp.swift in Sources */,
				659DD32D2BCE0B3700059CFE /* RectangleView.swift in Sources */,
				658155C92BCFDD590070CC1A /* NotFoundHomeView.swift in Sources */,
				658155C72BCFD3650070CC1A /* LoadingView.swift in Sources */,
				659DD32F2BCEE97100059CFE /* GetMovies.swift in Sources */,
			);
			runOnlyForDeploymentPostprocessing = 0;
		};
/* End PBXSourcesBuildPhase section */

/* Begin XCBuildConfiguration section */
		659DD3202BCD9A0D00059CFE /* Debug */ = {
			isa = XCBuildConfiguration;
			buildSettings = {
				ALWAYS_SEARCH_USER_PATHS = NO;
				ASSETCATALOG_COMPILER_GENERATE_SWIFT_ASSET_SYMBOL_EXTENSIONS = YES;
				CLANG_ANALYZER_NONNULL = YES;
				CLANG_ANALYZER_NUMBER_OBJECT_CONVERSION = YES_AGGRESSIVE;
				CLANG_CXX_LANGUAGE_STANDARD = "gnu++20";
				CLANG_ENABLE_MODULES = YES;
				CLANG_ENABLE_OBJC_ARC = YES;
				CLANG_ENABLE_OBJC_WEAK = YES;
				CLANG_WARN_BLOCK_CAPTURE_AUTORELEASING = YES;
				CLANG_WARN_BOOL_CONVERSION = YES;
				CLANG_WARN_COMMA = YES;
				CLANG_WARN_CONSTANT_CONVERSION = YES;
				CLANG_WARN_DEPRECATED_OBJC_IMPLEMENTATIONS = YES;
				CLANG_WARN_DIRECT_OBJC_ISA_USAGE = YES_ERROR;
				CLANG_WARN_DOCUMENTATION_COMMENTS = YES;
				CLANG_WARN_EMPTY_BODY = YES;
				CLANG_WARN_ENUM_CONVERSION = YES;
				CLANG_WARN_INFINITE_RECURSION = YES;
				CLANG_WARN_INT_CONVERSION = YES;
				CLANG_WARN_NON_LITERAL_NULL_CONVERSION = YES;
				CLANG_WARN_OBJC_IMPLICIT_RETAIN_SELF = YES;
				CLANG_WARN_OBJC_LITERAL_CONVERSION = YES;
				CLANG_WARN_OBJC_ROOT_CLASS = YES_ERROR;
				CLANG_WARN_QUOTED_INCLUDE_IN_FRAMEWORK_HEADER = YES;
				CLANG_WARN_RANGE_LOOP_ANALYSIS = YES;
				CLANG_WARN_STRICT_PROTOTYPES = YES;
				CLANG_WARN_SUSPICIOUS_MOVE = YES;
				CLANG_WARN_UNGUARDED_AVAILABILITY = YES_AGGRESSIVE;
				CLANG_WARN_UNREACHABLE_CODE = YES;
				CLANG_WARN__DUPLICATE_METHOD_MATCH = YES;
				COPY_PHASE_STRIP = NO;
				DEBUG_INFORMATION_FORMAT = dwarf;
				ENABLE_STRICT_OBJC_MSGSEND = YES;
				ENABLE_TESTABILITY = YES;
				ENABLE_USER_SCRIPT_SANDBOXING = YES;
				GCC_C_LANGUAGE_STANDARD = gnu17;
				GCC_DYNAMIC_NO_PIC = NO;
				GCC_NO_COMMON_BLOCKS = YES;
				GCC_OPTIMIZATION_LEVEL = 0;
				GCC_PREPROCESSOR_DEFINITIONS = (
					"DEBUG=1",
					"$(inherited)",
				);
				GCC_WARN_64_TO_32_BIT_CONVERSION = YES;
				GCC_WARN_ABOUT_RETURN_TYPE = YES_ERROR;
				GCC_WARN_UNDECLARED_SELECTOR = YES;
				GCC_WARN_UNINITIALIZED_AUTOS = YES_AGGRESSIVE;
				GCC_WARN_UNUSED_FUNCTION = YES;
				GCC_WARN_UNUSED_VARIABLE = YES;
				IPHONEOS_DEPLOYMENT_TARGET = 17.4;
				LOCALIZATION_PREFERS_STRING_CATALOGS = YES;
				MTL_ENABLE_DEBUG_INFO = INCLUDE_SOURCE;
				MTL_FAST_MATH = YES;
				ONLY_ACTIVE_ARCH = YES;
				SDKROOT = iphoneos;
				SWIFT_ACTIVE_COMPILATION_CONDITIONS = "DEBUG $(inherited)";
				SWIFT_OPTIMIZATION_LEVEL = "-Onone";
			};
			name = Debug;
		};
		659DD3212BCD9A0D00059CFE /* Release */ = {
			isa = XCBuildConfiguration;
			buildSettings = {
				ALWAYS_SEARCH_USER_PATHS = NO;
				ASSETCATALOG_COMPILER_GENERATE_SWIFT_ASSET_SYMBOL_EXTENSIONS = YES;
				CLANG_ANALYZER_NONNULL = YES;
				CLANG_ANALYZER_NUMBER_OBJECT_CONVERSION = YES_AGGRESSIVE;
				CLANG_CXX_LANGUAGE_STANDARD = "gnu++20";
				CLANG_ENABLE_MODULES = YES;
				CLANG_ENABLE_OBJC_ARC = YES;
				CLANG_ENABLE_OBJC_WEAK = YES;
				CLANG_WARN_BLOCK_CAPTURE_AUTORELEASING = YES;
				CLANG_WARN_BOOL_CONVERSION = YES;
				CLANG_WARN_COMMA = YES;
				CLANG_WARN_CONSTANT_CONVERSION = YES;
				CLANG_WARN_DEPRECATED_OBJC_IMPLEMENTATIONS = YES;
				CLANG_WARN_DIRECT_OBJC_ISA_USAGE = YES_ERROR;
				CLANG_WARN_DOCUMENTATION_COMMENTS = YES;
				CLANG_WARN_EMPTY_BODY = YES;
				CLANG_WARN_ENUM_CONVERSION = YES;
				CLANG_WARN_INFINITE_RECURSION = YES;
				CLANG_WARN_INT_CONVERSION = YES;
				CLANG_WARN_NON_LITERAL_NULL_CONVERSION = YES;
				CLANG_WARN_OBJC_IMPLICIT_RETAIN_SELF = YES;
				CLANG_WARN_OBJC_LITERAL_CONVERSION = YES;
				CLANG_WARN_OBJC_ROOT_CLASS = YES_ERROR;
				CLANG_WARN_QUOTED_INCLUDE_IN_FRAMEWORK_HEADER = YES;
				CLANG_WARN_RANGE_LOOP_ANALYSIS = YES;
				CLANG_WARN_STRICT_PROTOTYPES = YES;
				CLANG_WARN_SUSPICIOUS_MOVE = YES;
				CLANG_WARN_UNGUARDED_AVAILABILITY = YES_AGGRESSIVE;
				CLANG_WARN_UNREACHABLE_CODE = YES;
				CLANG_WARN__DUPLICATE_METHOD_MATCH = YES;
				COPY_PHASE_STRIP = NO;
				DEBUG_INFORMATION_FORMAT = "dwarf-with-dsym";
				ENABLE_NS_ASSERTIONS = NO;
				ENABLE_STRICT_OBJC_MSGSEND = YES;
				ENABLE_USER_SCRIPT_SANDBOXING = YES;
				GCC_C_LANGUAGE_STANDARD = gnu17;
				GCC_NO_COMMON_BLOCKS = YES;
				GCC_WARN_64_TO_32_BIT_CONVERSION = YES;
				GCC_WARN_ABOUT_RETURN_TYPE = YES_ERROR;
				GCC_WARN_UNDECLARED_SELECTOR = YES;
				GCC_WARN_UNINITIALIZED_AUTOS = YES_AGGRESSIVE;
				GCC_WARN_UNUSED_FUNCTION = YES;
				GCC_WARN_UNUSED_VARIABLE = YES;
				IPHONEOS_DEPLOYMENT_TARGET = 17.4;
				LOCALIZATION_PREFERS_STRING_CATALOGS = YES;
				MTL_ENABLE_DEBUG_INFO = NO;
				MTL_FAST_MATH = YES;
				SDKROOT = iphoneos;
				SWIFT_COMPILATION_MODE = wholemodule;
				VALIDATE_PRODUCT = YES;
			};
			name = Release;
		};
		659DD3232BCD9A0D00059CFE /* Debug */ = {
			isa = XCBuildConfiguration;
			buildSettings = {
				ASSETCATALOG_COMPILER_APPICON_NAME = AppIcon;
				ASSETCATALOG_COMPILER_GLOBAL_ACCENT_COLOR_NAME = AccentColor;
				CODE_SIGN_STYLE = Automatic;
				CURRENT_PROJECT_VERSION = 1;
				DEVELOPMENT_ASSET_PATHS = "\"inchurch-ios-challenge/Preview Content\"";
				ENABLE_PREVIEWS = YES;
				GENERATE_INFOPLIST_FILE = YES;
				INFOPLIST_KEY_UIApplicationSceneManifest_Generation = YES;
				INFOPLIST_KEY_UIApplicationSupportsIndirectInputEvents = YES;
				INFOPLIST_KEY_UILaunchScreen_Generation = YES;
				INFOPLIST_KEY_UISupportedInterfaceOrientations_iPad = "UIInterfaceOrientationPortrait UIInterfaceOrientationPortraitUpsideDown UIInterfaceOrientationLandscapeLeft UIInterfaceOrientationLandscapeRight";
				INFOPLIST_KEY_UISupportedInterfaceOrientations_iPhone = "UIInterfaceOrientationPortrait UIInterfaceOrientationLandscapeLeft UIInterfaceOrientationLandscapeRight";
				IPHONEOS_DEPLOYMENT_TARGET = 14.0;
				LD_RUNPATH_SEARCH_PATHS = (
					"$(inherited)",
					"@executable_path/Frameworks",
				);
				MARKETING_VERSION = 1.0;
				PRODUCT_BUNDLE_IDENTIFIER = "br.com.silvafredson.inchurch-ios-challenge";
				PRODUCT_NAME = "$(TARGET_NAME)";
				SUPPORTED_PLATFORMS = "iphoneos iphonesimulator";
				SUPPORTS_MACCATALYST = NO;
				SUPPORTS_MAC_DESIGNED_FOR_IPHONE_IPAD = NO;
				SUPPORTS_XR_DESIGNED_FOR_IPHONE_IPAD = NO;
				SWIFT_EMIT_LOC_STRINGS = YES;
				SWIFT_VERSION = 5.0;
				TARGETED_DEVICE_FAMILY = 1;
			};
			name = Debug;
		};
		659DD3242BCD9A0D00059CFE /* Release */ = {
			isa = XCBuildConfiguration;
			buildSettings = {
				ASSETCATALOG_COMPILER_APPICON_NAME = AppIcon;
				ASSETCATALOG_COMPILER_GLOBAL_ACCENT_COLOR_NAME = AccentColor;
				CODE_SIGN_STYLE = Automatic;
				CURRENT_PROJECT_VERSION = 1;
				DEVELOPMENT_ASSET_PATHS = "\"inchurch-ios-challenge/Preview Content\"";
				ENABLE_PREVIEWS = YES;
				GENERATE_INFOPLIST_FILE = YES;
				INFOPLIST_KEY_UIApplicationSceneManifest_Generation = YES;
				INFOPLIST_KEY_UIApplicationSupportsIndirectInputEvents = YES;
				INFOPLIST_KEY_UILaunchScreen_Generation = YES;
				INFOPLIST_KEY_UISupportedInterfaceOrientations_iPad = "UIInterfaceOrientationPortrait UIInterfaceOrientationPortraitUpsideDown UIInterfaceOrientationLandscapeLeft UIInterfaceOrientationLandscapeRight";
				INFOPLIST_KEY_UISupportedInterfaceOrientations_iPhone = "UIInterfaceOrientationPortrait UIInterfaceOrientationLandscapeLeft UIInterfaceOrientationLandscapeRight";
				IPHONEOS_DEPLOYMENT_TARGET = 14.0;
				LD_RUNPATH_SEARCH_PATHS = (
					"$(inherited)",
					"@executable_path/Frameworks",
				);
				MARKETING_VERSION = 1.0;
				PRODUCT_BUNDLE_IDENTIFIER = "br.com.silvafredson.inchurch-ios-challenge";
				PRODUCT_NAME = "$(TARGET_NAME)";
				SUPPORTED_PLATFORMS = "iphoneos iphonesimulator";
				SUPPORTS_MACCATALYST = NO;
				SUPPORTS_MAC_DESIGNED_FOR_IPHONE_IPAD = NO;
				SUPPORTS_XR_DESIGNED_FOR_IPHONE_IPAD = NO;
				SWIFT_EMIT_LOC_STRINGS = YES;
				SWIFT_VERSION = 5.0;
				TARGETED_DEVICE_FAMILY = 1;
			};
			name = Release;
		};
/* End XCBuildConfiguration section */

/* Begin XCConfigurationList section */
		659DD30F2BCD9A0C00059CFE /* Build configuration list for PBXProject "inchurch-ios-challenge" */ = {
			isa = XCConfigurationList;
			buildConfigurations = (
				659DD3202BCD9A0D00059CFE /* Debug */,
				659DD3212BCD9A0D00059CFE /* Release */,
			);
			defaultConfigurationIsVisible = 0;
			defaultConfigurationName = Release;
		};
		659DD3222BCD9A0D00059CFE /* Build configuration list for PBXNativeTarget "inchurch-ios-challenge" */ = {
			isa = XCConfigurationList;
			buildConfigurations = (
				659DD3232BCD9A0D00059CFE /* Debug */,
				659DD3242BCD9A0D00059CFE /* Release */,
			);
			defaultConfigurationIsVisible = 0;
			defaultConfigurationName = Release;
		};
/* End XCConfigurationList section */
	};
	rootObject = 659DD30C2BCD9A0C00059CFE /* Project object */;
}
